{
  "name": "@audio/spectral",
  "version": "0.0.0",
  "lockfileVersion": 3,
  "requires": true,
  "packages": {
    "": {
      "name": "@audio/spectral",
      "version": "0.0.0",
      "license": "MIT",
      "workspaces": [
        "packages/*"
      ],
      "engines": {
        "node": ">=18"
      }
    },
    "node_modules/@audio/spectral-centroid": {
      "resolved": "packages/spectral-centroid",
      "link": true
    },
    "node_modules/@audio/spectral-crest": {
      "resolved": "packages/spectral-crest",
      "link": true
    },
    "node_modules/@audio/spectral-edit": {
      "resolved": "packages/spectral-edit",
      "link": true
    },
    "node_modules/@audio/spectral-flatness": {
      "resolved": "packages/spectral-flatness",
      "link": true
    },
    "node_modules/@audio/spectral-flux": {
      "resolved": "packages/spectral-flux",
      "link": true
    },
    "node_modules/@audio/spectral-ltas": {
      "resolved": "packages/spectral-ltas",
      "link": true
    },
    "node_modules/@audio/spectral-mfcc": {
      "resolved": "packages/spectral-mfcc",
      "link": true
    },
    "node_modules/@audio/spectral-rolloff": {
      "resolved": "packages/spectral-rolloff",
      "link": true
    },
    "node_modules/@audio/spectral-slope": {
      "resolved": "packages/spectral-slope",
      "link": true
    },
    "node_modules/@audio/spectral-spread": {
      "resolved": "packages/spectral-spread",
      "link": true
    },
    "packages/spectral-centroid": {
      "name": "@audio/spectral-centroid",
      "version": "0.0.0",
      "license": "MIT",
      "engines": {
        "node": ">=18"
      }
    },
    "packages/spectral-crest": {
      "name": "@audio/spectral-crest",
      "version": "0.0.0",
      "license": "MIT",
      "engines": {
        "node": ">=18"
      }
    },
    "packages/spectral-edit": {
      "name": "@audio/spectral-edit",
      "version": "0.0.0",
      "license": "MIT",
      "engines": {
        "node": ">=18"
      }
    },
    "packages/spectral-flatness": {
      "name": "@audio/spectral-flatness",
      "version": "0.0.0",
      "license": "MIT",
      "engines": {
        "node": ">=18"
      }
    },
    "packages/spectral-flux": {
      "name": "@audio/spectral-flux",
      "version": "0.0.0",
      "license": "MIT",
      "engines": {
        "node": ">=18"
      }
    },
    "packages/spectral-ltas": {
      "name": "@audio/spectral-ltas",
      "version": "0.0.0",
      "license": "MIT",
      "engines": {
        "node": ">=18"
      }
    },
    "packages/spectral-mfcc": {
      "name": "@audio/spectral-mfcc",
      "version": "0.0.0",
      "license": "MIT",
      "engines": {
        "node": ">=18"
      }
    },
    "packages/spectral-rolloff": {
      "name": "@audio/spectral-rolloff",
      "version": "0.0.0",
      "license": "MIT",
      "engines": {
        "node": ">=18"
      }
    },
    "packages/spectral-slope": {
      "name": "@audio/spectral-slope",
      "version": "0.0.0",
      "license": "MIT",
      "engines": {
        "node": ">=18"
      }
    },
    "packages/spectral-spread": {
      "name": "@audio/spectral-spread",
      "version": "0.0.0",
      "license": "MIT",
      "engines": {
        "node": ">=18"
      }
    }
  }
}
